
Microsoft Visual Studio Solution File, Format Version 12.00
# Visual Studio Version 17
VisualStudioVersion = 17.5.002.0
MinimumVisualStudioVersion = 10.0.40219.1
Project("{9A19103F-16F7-4668-BE54-9A1E7A4F7556}") = "Backend", "Backend.csproj", "{B8A4843E-2ADB-4935-A754-0E89A66DB129}"
EndProject
Global
	GlobalSection(SolutionConfigurationPlatforms) = preSolution
		Debug|Any CPU = Debug|Any CPU
		Release|Any CPU = Release|Any CPU
	EndGlobalSection
	GlobalSection(ProjectConfigurationPlatforms) = postSolution
		{B8A4843E-2ADB-4935-A754-0E89A66DB129}.Debug|Any CPU.ActiveCfg = Debug|Any CPU
		{B8A4843E-2ADB-4935-A754-0E89A66DB129}.Debug|Any CPU.Build.0 = Debug|Any CPU
		{B8A4843E-2ADB-4935-A754-0E89A66DB129}.Release|Any CPU.ActiveCfg = Release|Any CPU
		{B8A4843E-2ADB-4935-A754-0E89A66DB129}.Release|Any CPU.Build.0 = Release|Any CPU
	EndGlobalSection
	GlobalSection(SolutionProperties) = preSolution
		HideSolutionNode = FALSE
	EndGlobalSection
	GlobalSection(ExtensibilityGlobals) = postSolution
		SolutionGuid = {E984A3E7-EB3E-4986-8B1F-4AE134060069}
	EndGlobalSection
EndGlobal
